
Microsoft Visual Studio Solution File, Format Version 12.00
# Visual Studio Version 17
VisualStudioVersion = 17.10.35013.160
MinimumVisualStudioVersion = 10.0.40219.1
Project("{FAE04EC0-301F-11D3-BF4B-00C04F79EFBC}") = "BookApi", "BookApi\BookApi.csproj", "{F14BEC9A-C851-42F0-957F-043C423F71F2}"
EndProject
Project("{FAE04EC0-301F-11D3-BF4B-00C04F79EFBC}") = "MovieApi", "MovieApi\MovieApi.csproj", "{0B91EF81-2749-46BA-8A75-77D308F594DB}"
EndProject
Global
	GlobalSection(SolutionConfigurationPlatforms) = preSolution
		Debug|Any CPU = Debug|Any CPU
		Release|Any CPU = Release|Any CPU
	EndGlobalSection
	GlobalSection(ProjectConfigurationPlatforms) = postSolution
		{F14BEC9A-C851-42F0-957F-043C423F71F2}.Debug|Any CPU.ActiveCfg = Debug|Any CPU
		{F14BEC9A-C851-42F0-957F-043C423F71F2}.Debug|Any CPU.Build.0 = Debug|Any CPU
		{F14BEC9A-C851-42F0-957F-043C423F71F2}.Release|Any CPU.ActiveCfg = Release|Any CPU
		{F14BEC9A-C851-42F0-957F-043C423F71F2}.Release|Any CPU.Build.0 = Release|Any CPU
		{0B91EF81-2749-46BA-8A75-77D308F594DB}.Debug|Any CPU.ActiveCfg = Debug|Any CPU
		{0B91EF81-2749-46BA-8A75-77D308F594DB}.Debug|Any CPU.Build.0 = Debug|Any CPU
		{0B91EF81-2749-46BA-8A75-77D308F594DB}.Release|Any CPU.ActiveCfg = Release|Any CPU
		{0B91EF81-2749-46BA-8A75-77D308F594DB}.Release|Any CPU.Build.0 = Release|Any CPU
	EndGlobalSection
	GlobalSection(SolutionProperties) = preSolution
		HideSolutionNode = FALSE
	EndGlobalSection
	GlobalSection(ExtensibilityGlobals) = postSolution
		SolutionGuid = {05B96E7C-701F-4EE7-A5A0-107619FA2D6A}
	EndGlobalSection
EndGlobal
